
Microsoft Visual Studio Solution File, Format Version 12.00
# Visual Studio Version 16
VisualStudioVersion = 16.0.31515.178
MinimumVisualStudioVersion = 10.0.40219.1
Project("{FAE04EC0-301F-11D3-BF4B-00C04F79EFBC}") = "Linq_Sln", "Linq_Sln.csproj", "{89A2AD68-AF7D-4949-A35D-A0EED7132DDC}"
EndProject
Global
	GlobalSection(SolutionConfigurationPlatforms) = preSolution
		Debug|Any CPU = Debug|Any CPU
		Release|Any CPU = Release|Any CPU
	EndGlobalSection
	GlobalSection(ProjectConfigurationPlatforms) = postSolution
		{89A2AD68-AF7D-4949-A35D-A0EED7132DDC}.Debug|Any CPU.ActiveCfg = Debug|Any CPU
		{89A2AD68-AF7D-4949-A35D-A0EED7132DDC}.Debug|Any CPU.Build.0 = Debug|Any CPU
		{89A2AD68-AF7D-4949-A35D-A0EED7132DDC}.Release|Any CPU.ActiveCfg = Release|Any CPU
		{89A2AD68-AF7D-4949-A35D-A0EED7132DDC}.Release|Any CPU.Build.0 = Release|Any CPU
	EndGlobalSection
	GlobalSection(SolutionProperties) = preSolution
		HideSolutionNode = FALSE
	EndGlobalSection
	GlobalSection(ExtensibilityGlobals) = postSolution
		SolutionGuid = {F4CC894C-3282-4706-A10D-90FB22879469}
	EndGlobalSection
EndGlobal
