
Microsoft Visual Studio Solution File, Format Version 12.00
# Visual Studio Version 16
VisualStudioVersion = 16.0.31515.178
MinimumVisualStudioVersion = 10.0.40219.1
Project("{FAE04EC0-301F-11D3-BF4B-00C04F79EFBC}") = "OOPs.Classes", "OOPs.Classes\OOPs.Classes.csproj", "{2C922B7B-E035-4641-8DD2-B9CFE0C70FBF}"
EndProject
Global
	GlobalSection(SolutionConfigurationPlatforms) = preSolution
		Debug|Any CPU = Debug|Any CPU
		Release|Any CPU = Release|Any CPU
	EndGlobalSection
	GlobalSection(ProjectConfigurationPlatforms) = postSolution
		{2C922B7B-E035-4641-8DD2-B9CFE0C70FBF}.Debug|Any CPU.ActiveCfg = Debug|Any CPU
		{2C922B7B-E035-4641-8DD2-B9CFE0C70FBF}.Debug|Any CPU.Build.0 = Debug|Any CPU
		{2C922B7B-E035-4641-8DD2-B9CFE0C70FBF}.Release|Any CPU.ActiveCfg = Release|Any CPU
		{2C922B7B-E035-4641-8DD2-B9CFE0C70FBF}.Release|Any CPU.Build.0 = Release|Any CPU
	EndGlobalSection
	GlobalSection(SolutionProperties) = preSolution
		HideSolutionNode = FALSE
	EndGlobalSection
	GlobalSection(ExtensibilityGlobals) = postSolution
		SolutionGuid = {EB00064F-1888-424F-9414-185D517D2C0B}
	EndGlobalSection
EndGlobal
